
Microsoft Visual Studio Solution File, Format Version 12.00
# Visual Studio 2013
VisualStudioVersion = 12.0.31101.0
MinimumVisualStudioVersion = 10.0.40219.1
Project("{8BC9CEB8-8B4A-11D0-8D11-00A0C91BC942}") = "生成图像样本", "生成图像样本\生成图像样本.vcxproj", "{DEEC3BE1-96E6-458D-842C-B228CEEDAD98}"
EndProject
Global
	GlobalSection(SolutionConfigurationPlatforms) = preSolution
		Debug|Win32 = Debug|Win32
		Release|Win32 = Release|Win32
	EndGlobalSection
	GlobalSection(ProjectConfigurationPlatforms) = postSolution
		{DEEC3BE1-96E6-458D-842C-B228CEEDAD98}.Debug|Win32.ActiveCfg = Debug|Win32
		{DEEC3BE1-96E6-458D-842C-B228CEEDAD98}.Debug|Win32.Build.0 = Debug|Win32
		{DEEC3BE1-96E6-458D-842C-B228CEEDAD98}.Release|Win32.ActiveCfg = Release|Win32
		{DEEC3BE1-96E6-458D-842C-B228CEEDAD98}.Release|Win32.Build.0 = Release|Win32
	EndGlobalSection
	GlobalSection(SolutionProperties) = preSolution
		HideSolutionNode = FALSE
	EndGlobalSection
EndGlobal
