<?xml version="1.0" encoding="utf-8"?>
<Project ToolsVersion="4.0" xmlns="http://schemas.microsoft.com/developer/msbuild/2003">
  <ItemGroup>
    <Filter Include="源文件">
      <UniqueIdentifier>{4FC737F1-C7A5-4376-A066-2A32D752A2FF}</UniqueIdentifier>
      <Extensions>cpp;c;cc;cxx;def;odl;idl;hpj;bat;asm;asmx</Extensions>
    </Filter>
    <Filter Include="头文件">
      <UniqueIdentifier>{93995380-89BD-4b04-88EB-625FBE52EBFB}</UniqueIdentifier>
      <Extensions>h;hh;hpp;hxx;hm;inl;inc;xsd</Extensions>
    </Filter>
    <Filter Include="资源文件">
      <UniqueIdentifier>{67DA6AB6-F800-4c08-8B7A-83BB121AAD01}</UniqueIdentifier>
      <Extensions>rc;ico;cur;bmp;dlg;rc2;rct;bin;rgs;gif;jpg;jpeg;jpe;resx;tiff;tif;png;wav;mfcribbon-ms</Extensions>
    </Filter>
    <Filter Include="class">
      <UniqueIdentifier>{85efff3b-0759-46f0-aafa-e1d25d2eb82e}</UniqueIdentifier>
    </Filter>
    <Filter Include="class\MicroDisplay">
      <UniqueIdentifier>{5e83a13b-5d15-42a2-b49d-7fac409a9e62}</UniqueIdentifier>
    </Filter>
    <Filter Include="controller">
      <UniqueIdentifier>{1ccb820d-49a1-44aa-acaf-8ca1264ce23e}</UniqueIdentifier>
    </Filter>
  </ItemGroup>
  <ItemGroup>
    <Text Include="ReadMe.txt" />
  </ItemGroup>
  <ItemGroup>
    <ClInclude Include="stdafx.h">
      <Filter>头文件</Filter>
    </ClInclude>
    <ClInclude Include="targetver.h">
      <Filter>头文件</Filter>
    </ClInclude>
    <ClInclude Include="Class\BlocksDetector.h">
      <Filter>class</Filter>
    </ClInclude>
    <ClInclude Include="Class\BufferStorage.h">
      <Filter>class</Filter>
    </ClInclude>
    <ClInclude Include="Class\VirtualCamera.h">
      <Filter>class</Filter>
    </ClInclude>
    <ClInclude Include="Class\MicroDisplay\MicroDisplayControler.h">
      <Filter>class\MicroDisplay</Filter>
    </ClInclude>
    <ClInclude Include="Class\MicroDisplay\MicroDisplayInit.h">
      <Filter>class\MicroDisplay</Filter>
    </ClInclude>
    <ClInclude Include="globle.h">
      <Filter>头文件</Filter>
    </ClInclude>
    <ClInclude Include="mc100.h">
      <Filter>头文件</Filter>
    </ClInclude>
    <ClInclude Include="Class\Measurer.h">
      <Filter>class</Filter>
    </ClInclude>
    <ClInclude Include="Class\Processor.h">
      <Filter>class</Filter>
    </ClInclude>
    <ClInclude Include="Controller\Contoller.h">
      <Filter>controller</Filter>
    </ClInclude>
    <ClInclude Include="Controller\StateMachine.h">
      <Filter>controller</Filter>
    </ClInclude>
    <ClInclude Include="Class\EdgeDetector.h">
      <Filter>class</Filter>
    </ClInclude>
  </ItemGroup>
  <ItemGroup>
    <ClCompile Include="stdafx.cpp">
      <Filter>源文件</Filter>
    </ClCompile>
    <ClCompile Include="TileDetector.cpp">
      <Filter>源文件</Filter>
    </ClCompile>
    <ClCompile Include="Class\BlocksDetector.cpp">
      <Filter>class</Filter>
    </ClCompile>
    <ClCompile Include="Class\BufferStorage.cpp">
      <Filter>class</Filter>
    </ClCompile>
    <ClCompile Include="Class\VirtualCamera.cpp">
      <Filter>class</Filter>
    </ClCompile>
    <ClCompile Include="Class\MicroDisplay\MicroDisplayControler.cpp">
      <Filter>class\MicroDisplay</Filter>
    </ClCompile>
    <ClCompile Include="Class\MicroDisplay\MicroDisplayInit.cpp">
      <Filter>class\MicroDisplay</Filter>
    </ClCompile>
    <ClCompile Include="Class\Measurer.cpp">
      <Filter>class</Filter>
    </ClCompile>
    <ClCompile Include="Class\Processor.cpp">
      <Filter>class</Filter>
    </ClCompile>
    <ClCompile Include="Controller\Contoller.cpp">
      <Filter>controller</Filter>
    </ClCompile>
    <ClCompile Include="Class\EdgeDetector.cpp">
      <Filter>class</Filter>
    </ClCompile>
  </ItemGroup>
  <ItemGroup>
    <None Include="mc100.dll">
      <Filter>资源文件</Filter>
    </None>
  </ItemGroup>
  <ItemGroup>
    <Library Include="mc100.lib">
      <Filter>资源文件</Filter>
    </Library>
  </ItemGroup>
</Project>