<?xml version="1.0" encoding="utf-8"?>
<Project ToolsVersion="4.0" xmlns="http://schemas.microsoft.com/developer/msbuild/2003">
  <ItemGroup>
    <Filter Include="源文件">
      <UniqueIdentifier>{4FC737F1-C7A5-4376-A066-2A32D752A2FF}</UniqueIdentifier>
      <Extensions>cpp;c;cc;cxx;def;odl;idl;hpj;bat;asm;asmx</Extensions>
    </Filter>
    <Filter Include="头文件">
      <UniqueIdentifier>{93995380-89BD-4b04-88EB-625FBE52EBFB}</UniqueIdentifier>
      <Extensions>h;hh;hpp;hxx;hm;inl;inc;xsd</Extensions>
    </Filter>
    <Filter Include="Class">
      <UniqueIdentifier>{55734919-3e7a-4bca-93c6-09deca286e0a}</UniqueIdentifier>
    </Filter>
    <Filter Include="Class\MicroDisplay">
      <UniqueIdentifier>{28ee091e-008b-4e59-891b-4747e32cd4b8}</UniqueIdentifier>
    </Filter>
  </ItemGroup>
  <ItemGroup>
    <Text Include="ReadMe.txt" />
  </ItemGroup>
  <ItemGroup>
    <ClInclude Include="stdafx.h">
      <Filter>头文件</Filter>
    </ClInclude>
    <ClInclude Include="targetver.h">
      <Filter>头文件</Filter>
    </ClInclude>
    <ClInclude Include="globle.h">
      <Filter>头文件</Filter>
    </ClInclude>
    <ClInclude Include="Class\MicroDisplay\MicroDisplayControler.h">
      <Filter>Class\MicroDisplay</Filter>
    </ClInclude>
    <ClInclude Include="Class\MicroDisplay\MicroDisplayInit.h">
      <Filter>Class\MicroDisplay</Filter>
    </ClInclude>
    <ClInclude Include="Class\VirtualCamera.h">
      <Filter>Class</Filter>
    </ClInclude>
    <ClInclude Include="Class\BufferStorage.h">
      <Filter>Class</Filter>
    </ClInclude>
    <ClInclude Include="Class\BlocksDetector.h">
      <Filter>Class</Filter>
    </ClInclude>
  </ItemGroup>
  <ItemGroup>
    <ClCompile Include="stdafx.cpp">
      <Filter>源文件</Filter>
    </ClCompile>
    <ClCompile Include="HelloWorldFreeRunLine.cpp">
      <Filter>源文件</Filter>
    </ClCompile>
    <ClCompile Include="Class\MicroDisplay\MicroDisplayControler.cpp">
      <Filter>Class\MicroDisplay</Filter>
    </ClCompile>
    <ClCompile Include="Class\MicroDisplay\MicroDisplayInit.cpp">
      <Filter>Class\MicroDisplay</Filter>
    </ClCompile>
    <ClCompile Include="Class\VirtualCamera.cpp">
      <Filter>Class</Filter>
    </ClCompile>
    <ClCompile Include="Class\BlocksDetector.cpp">
      <Filter>Class</Filter>
    </ClCompile>
    <ClCompile Include="Class\BufferStorage.cpp">
      <Filter>Class</Filter>
    </ClCompile>
  </ItemGroup>
</Project>