<?xml version="1.0" encoding="utf-8"?>
<Project ToolsVersion="4.0" xmlns="http://schemas.microsoft.com/developer/msbuild/2003">
  <ItemGroup>
    <Filter Include="源文件">
      <UniqueIdentifier>{4FC737F1-C7A5-4376-A066-2A32D752A2FF}</UniqueIdentifier>
      <Extensions>cpp;c;cc;cxx;def;odl;idl;hpj;bat;asm;asmx</Extensions>
    </Filter>
    <Filter Include="头文件">
      <UniqueIdentifier>{93995380-89BD-4b04-88EB-625FBE52EBFB}</UniqueIdentifier>
      <Extensions>h;hh;hpp;hxx;hm;inl;inc;xsd</Extensions>
    </Filter>
    <Filter Include="Class">
      <UniqueIdentifier>{869013a2-1177-41f4-bd6c-3fb231c4fd11}</UniqueIdentifier>
    </Filter>
    <Filter Include="Class\Camera">
      <UniqueIdentifier>{f339bc77-c62d-4fec-acbe-23082719a807}</UniqueIdentifier>
    </Filter>
    <Filter Include="Class\IOCard">
      <UniqueIdentifier>{ece9a19b-27c7-4060-8b8a-d14d34f66f2c}</UniqueIdentifier>
    </Filter>
    <Filter Include="Class\Helper">
      <UniqueIdentifier>{1ecd844c-715b-4a51-b9f6-abd6b186f8ba}</UniqueIdentifier>
    </Filter>
    <Filter Include="Class\Camera\e2v_EV71YC1CCL4005BA0">
      <UniqueIdentifier>{42e98774-330a-4baa-9c2c-dc91fb002ea4}</UniqueIdentifier>
    </Filter>
    <Filter Include="Class\Camera\virtualcamera">
      <UniqueIdentifier>{7c930dcb-302a-4e70-9170-c3b465edfd58}</UniqueIdentifier>
    </Filter>
    <Filter Include="Controller">
      <UniqueIdentifier>{1bac9774-2821-4992-8bbc-1b1a39630eef}</UniqueIdentifier>
    </Filter>
    <Filter Include="UI">
      <UniqueIdentifier>{24ae75bd-67a9-415f-a0d3-623d595d16e9}</UniqueIdentifier>
    </Filter>
    <Filter Include="View">
      <UniqueIdentifier>{49a8b2fa-06bc-4118-a217-d63817c5db93}</UniqueIdentifier>
    </Filter>
    <Filter Include="App">
      <UniqueIdentifier>{517733bb-2311-4085-86ca-f9ed29a58a7e}</UniqueIdentifier>
    </Filter>
    <Filter Include="Algorithm">
      <UniqueIdentifier>{bf814ab1-8d41-4442-a3a6-7210be5759da}</UniqueIdentifier>
    </Filter>
    <Filter Include="Algorithm\Base">
      <UniqueIdentifier>{d71b299f-07ac-41c4-8632-f3d5db4e1372}</UniqueIdentifier>
    </Filter>
    <Filter Include="Class\Debug">
      <UniqueIdentifier>{be777575-db59-40f0-a043-c32fde9dcf2b}</UniqueIdentifier>
    </Filter>
    <Filter Include="Model">
      <UniqueIdentifier>{905107a1-fada-40a3-a4dd-d96abbdad303}</UniqueIdentifier>
    </Filter>
    <Filter Include="Class\Access">
      <UniqueIdentifier>{447d723e-a68a-4870-b928-0ba3daa77904}</UniqueIdentifier>
    </Filter>
    <Filter Include="Class\Statistics">
      <UniqueIdentifier>{cad6d344-bcb6-42e8-9e8c-a62f46c5023f}</UniqueIdentifier>
    </Filter>
    <Filter Include="Class\Setting">
      <UniqueIdentifier>{aea57a21-6039-4944-95f6-f1cb9a6582e8}</UniqueIdentifier>
    </Filter>
    <Filter Include="源文件\资源文件">
      <UniqueIdentifier>{67DA6AB6-F800-4c08-8B7A-83BB121AAD01}</UniqueIdentifier>
      <Extensions>rc;ico;cur;bmp;dlg;rc2;rct;bin;rgs;gif;jpg;jpeg;jpe;resx;tiff;tif;png;wav;mfcribbon-ms</Extensions>
    </Filter>
    <Filter Include="Class\Camera\MVCAM">
      <UniqueIdentifier>{360b7ae4-e11c-4dfc-a2e5-ad71e4f2708d}</UniqueIdentifier>
    </Filter>
    <Filter Include="Class\Camera\MVCAM\Include">
      <UniqueIdentifier>{5c01fa7a-f893-4f97-bfa5-fe4e0aaa6287}</UniqueIdentifier>
    </Filter>
  </ItemGroup>
  <ItemGroup>
    <Text Include="ReadMe.txt" />
    <Text Include="Algorithm\说明.txt">
      <Filter>Algorithm</Filter>
    </Text>
  </ItemGroup>
  <ItemGroup>
    <ClInclude Include="stdafx.h">
      <Filter>头文件</Filter>
    </ClInclude>
    <ClInclude Include="targetver.h">
      <Filter>头文件</Filter>
    </ClInclude>
    <ClInclude Include="Resource.h">
      <Filter>头文件</Filter>
    </ClInclude>
    <ClInclude Include="Class\Helper\StringHelper.h">
      <Filter>Class\Helper</Filter>
    </ClInclude>
    <ClInclude Include="Class\IOCard\PCI1761\bdaqctrl.h">
      <Filter>Class\IOCard</Filter>
    </ClInclude>
    <ClInclude Include="Class\IOCard\PCI1761\compatibility.h">
      <Filter>Class\IOCard</Filter>
    </ClInclude>
    <ClInclude Include="Class\IOCard\PCI1761\PCI1761.h">
      <Filter>Class\IOCard</Filter>
    </ClInclude>
    <ClInclude Include="CvvImage.h">
      <Filter>头文件</Filter>
    </ClInclude>
    <ClInclude Include="View\SpotsMainView.h">
      <Filter>View</Filter>
    </ClInclude>
    <ClInclude Include="Spots.h">
      <Filter>App</Filter>
    </ClInclude>
    <ClInclude Include="UI\SpotsMainDlg.h">
      <Filter>UI</Filter>
    </ClInclude>
    <ClInclude Include="Algorithm\Processor.h">
      <Filter>Algorithm</Filter>
    </ClInclude>
    <ClInclude Include="Algorithm\Base\Block.h">
      <Filter>Algorithm\Base</Filter>
    </ClInclude>
    <ClInclude Include="Algorithm\Base\Faults.h">
      <Filter>Algorithm\Base</Filter>
    </ClInclude>
    <ClInclude Include="Class\Debug\MFCConsole.h">
      <Filter>Class\Debug</Filter>
    </ClInclude>
    <ClInclude Include="Model\Worker.h">
      <Filter>Model</Filter>
    </ClInclude>
    <ClInclude Include="Class\Access\ASqlHelper.h">
      <Filter>Class\Access</Filter>
    </ClInclude>
    <ClInclude Include="Model\LogImgGenerator.h">
      <Filter>Model</Filter>
    </ClInclude>
    <ClInclude Include="Class\Setting\SettingHelper.h">
      <Filter>Class\Setting</Filter>
    </ClInclude>
    <ClInclude Include="Class\Statistics\Statistics.h">
      <Filter>Class\Statistics</Filter>
    </ClInclude>
    <ClInclude Include="Algorithm\BlockLocalizer.h">
      <Filter>Algorithm</Filter>
    </ClInclude>
    <ClInclude Include="UI\SpotsSystemSetDlg.h">
      <Filter>UI</Filter>
    </ClInclude>
    <ClInclude Include="UI\SpotsEdgeParameterSetDlg.h">
      <Filter>UI</Filter>
    </ClInclude>
    <ClInclude Include="UI\SpotsClassifySet.h">
      <Filter>UI</Filter>
    </ClInclude>
    <ClInclude Include="Algorithm\BlockEdgeLineDetector.h">
      <Filter>Algorithm</Filter>
    </ClInclude>
    <ClInclude Include="Model\Arm.h">
      <Filter>Model</Filter>
    </ClInclude>
    <ClInclude Include="Algorithm\EdgeFaultLineDetector.h">
      <Filter>Algorithm</Filter>
    </ClInclude>
    <ClInclude Include="Algorithm\Pretreatment.h">
      <Filter>Algorithm</Filter>
    </ClInclude>
    <ClInclude Include="Class\Camera\e2v_EV71YC1CCL4005BA0\E2VCameraCycleBuffer.h">
      <Filter>Class\Camera\e2v_EV71YC1CCL4005BA0</Filter>
    </ClInclude>
    <ClInclude Include="Class\Camera\e2v_EV71YC1CCL4005BA0\E2VCameraModel.h">
      <Filter>Class\Camera\e2v_EV71YC1CCL4005BA0</Filter>
    </ClInclude>
    <ClInclude Include="Class\Camera\e2v_EV71YC1CCL4005BA0\E2VCameraDirectRead.h">
      <Filter>Class\Camera\e2v_EV71YC1CCL4005BA0</Filter>
    </ClInclude>
    <ClInclude Include="Controller\ControllerModel.h">
      <Filter>Controller</Filter>
    </ClInclude>
    <ClInclude Include="Controller\ControllerCycleBuffer.h">
      <Filter>Controller</Filter>
    </ClInclude>
    <ClInclude Include="Controller\ControllerDirectRead.h">
      <Filter>Controller</Filter>
    </ClInclude>
    <ClInclude Include="Algorithm\BlockEdgeSimilarDetector.h">
      <Filter>Algorithm</Filter>
    </ClInclude>
    <ClInclude Include="UI\SpotsSurfaceParaSetDlg.h">
      <Filter>UI</Filter>
    </ClInclude>
    <ClInclude Include="UI\SpotAreaCamSetDlg.h">
      <Filter>UI</Filter>
    </ClInclude>
    <ClInclude Include="Model\MainHueScanner.h">
      <Filter>Model</Filter>
    </ClInclude>
    <ClInclude Include="Class\Camera\MVCAM\MVCAM.h">
      <Filter>Class\Camera\MVCAM</Filter>
    </ClInclude>
    <ClInclude Include="Class\Camera\MVCAM\Include\CameraApi.h">
      <Filter>Class\Camera\MVCAM\Include</Filter>
    </ClInclude>
    <ClInclude Include="Class\Camera\MVCAM\Include\CameraApiLoad.h">
      <Filter>Class\Camera\MVCAM\Include</Filter>
    </ClInclude>
    <ClInclude Include="Class\Camera\MVCAM\Include\CameraDefine.H">
      <Filter>Class\Camera\MVCAM\Include</Filter>
    </ClInclude>
    <ClInclude Include="Class\Camera\MVCAM\Include\CameraStatus.h">
      <Filter>Class\Camera\MVCAM\Include</Filter>
    </ClInclude>
  </ItemGroup>
  <ItemGroup>
    <ClCompile Include="stdafx.cpp">
      <Filter>源文件</Filter>
    </ClCompile>
    <ClCompile Include="Class\IOCard\PCI1761\PCI1761.cpp">
      <Filter>Class\IOCard</Filter>
    </ClCompile>
    <ClCompile Include="CvvImage.cpp">
      <Filter>源文件</Filter>
    </ClCompile>
    <ClCompile Include="Spots.cpp">
      <Filter>App</Filter>
    </ClCompile>
    <ClCompile Include="UI\SpotsMainDlg.cpp">
      <Filter>UI</Filter>
    </ClCompile>
    <ClCompile Include="Algorithm\Processor.cpp">
      <Filter>Algorithm</Filter>
    </ClCompile>
    <ClCompile Include="Algorithm\Base\Block.cpp">
      <Filter>Algorithm\Base</Filter>
    </ClCompile>
    <ClCompile Include="Class\Debug\MFCConsole.cpp">
      <Filter>Class\Debug</Filter>
    </ClCompile>
    <ClCompile Include="Model\Worker.cpp">
      <Filter>Model</Filter>
    </ClCompile>
    <ClCompile Include="Class\Access\ASqlHelper.cpp">
      <Filter>Class\Access</Filter>
    </ClCompile>
    <ClCompile Include="Model\LogImgGenerator.cpp">
      <Filter>Model</Filter>
    </ClCompile>
    <ClCompile Include="Class\Setting\SettingHelper.cpp">
      <Filter>Class\Setting</Filter>
    </ClCompile>
    <ClCompile Include="Class\Statistics\Statistics.cpp">
      <Filter>Class\Statistics</Filter>
    </ClCompile>
    <ClCompile Include="Algorithm\BlockLocalizer.cpp">
      <Filter>Algorithm</Filter>
    </ClCompile>
    <ClCompile Include="UI\SpotsSystemSetDlg.cpp">
      <Filter>UI</Filter>
    </ClCompile>
    <ClCompile Include="UI\SpotsEdgeParameterSetDlg.cpp">
      <Filter>UI</Filter>
    </ClCompile>
    <ClCompile Include="UI\SpotsClassifySet.cpp">
      <Filter>UI</Filter>
    </ClCompile>
    <ClCompile Include="Algorithm\BlockEdgeLineDetector.cpp">
      <Filter>Algorithm</Filter>
    </ClCompile>
    <ClCompile Include="Model\Arm.cpp">
      <Filter>Model</Filter>
    </ClCompile>
    <ClCompile Include="Algorithm\EdgeFaultLineDetector.cpp">
      <Filter>Algorithm</Filter>
    </ClCompile>
    <ClCompile Include="Algorithm\Pretreatment.cpp">
      <Filter>Algorithm</Filter>
    </ClCompile>
    <ClCompile Include="Class\Camera\e2v_EV71YC1CCL4005BA0\E2VCameraCycleBuffer.cpp">
      <Filter>Class\Camera\e2v_EV71YC1CCL4005BA0</Filter>
    </ClCompile>
    <ClCompile Include="Class\Camera\e2v_EV71YC1CCL4005BA0\E2VCameraModel.cpp">
      <Filter>Class\Camera\e2v_EV71YC1CCL4005BA0</Filter>
    </ClCompile>
    <ClCompile Include="Class\Camera\e2v_EV71YC1CCL4005BA0\E2VCameraDirectRead.cpp">
      <Filter>Class\Camera\e2v_EV71YC1CCL4005BA0</Filter>
    </ClCompile>
    <ClCompile Include="Controller\ControllerModel.cpp">
      <Filter>Controller</Filter>
    </ClCompile>
    <ClCompile Include="Controller\ControllerCycleBuffer.cpp">
      <Filter>Controller</Filter>
    </ClCompile>
    <ClCompile Include="Controller\ControllerDirectRead.cpp">
      <Filter>Controller</Filter>
    </ClCompile>
    <ClCompile Include="Algorithm\BlockEdgeSimilarDetector.cpp">
      <Filter>Algorithm</Filter>
    </ClCompile>
    <ClCompile Include="UI\SpotsSurfaceParaSetDlg.cpp">
      <Filter>UI</Filter>
    </ClCompile>
    <ClCompile Include="UI\SpotAreaCamSetDlg.cpp">
      <Filter>UI</Filter>
    </ClCompile>
    <ClCompile Include="Model\MainHueScanner.cpp">
      <Filter>Model</Filter>
    </ClCompile>
    <ClCompile Include="Class\Camera\MVCAM\MVCAM.cpp">
      <Filter>Class\Camera\MVCAM</Filter>
    </ClCompile>
  </ItemGroup>
  <ItemGroup>
    <ResourceCompile Include="Spots.rc">
      <Filter>源文件\资源文件</Filter>
    </ResourceCompile>
  </ItemGroup>
  <ItemGroup>
    <None Include="res\Spots.rc2">
      <Filter>源文件\资源文件</Filter>
    </None>
  </ItemGroup>
  <ItemGroup>
    <Image Include="res\Spots.ico">
      <Filter>源文件\资源文件</Filter>
    </Image>
    <Image Include="res\icon1.ico">
      <Filter>源文件\资源文件</Filter>
    </Image>
    <Image Include="..\..\www.ico.la_1e1b5a5a662f603a3408675fa1b99252_64X64.ico">
      <Filter>源文件\资源文件</Filter>
    </Image>
  </ItemGroup>
  <ItemGroup>
    <Library Include="Class\IOCard\PCI1761\Adsapi32.lib">
      <Filter>Class\IOCard</Filter>
    </Library>
    <Library Include="Class\IOCard\PCI1761\odbc32.lib">
      <Filter>Class\IOCard</Filter>
    </Library>
    <Library Include="Class\IOCard\PCI1761\odbccp32.lib">
      <Filter>Class\IOCard</Filter>
    </Library>
    <Library Include="Class\Camera\MVCAM\Include\MVCAMSDK.lib">
      <Filter>源文件\资源文件</Filter>
    </Library>
  </ItemGroup>
</Project>