<?xml version="1.0" encoding="utf-8"?>
<Project ToolsVersion="4.0" xmlns="http://schemas.microsoft.com/developer/msbuild/2003">
  <ItemGroup>
    <Filter Include="源文件">
      <UniqueIdentifier>{4FC737F1-C7A5-4376-A066-2A32D752A2FF}</UniqueIdentifier>
      <Extensions>cpp;c;cc;cxx;def;odl;idl;hpj;bat;asm;asmx</Extensions>
    </Filter>
    <Filter Include="头文件">
      <UniqueIdentifier>{93995380-89BD-4b04-88EB-625FBE52EBFB}</UniqueIdentifier>
      <Extensions>h;hh;hpp;hxx;hm;inl;inc;xsd</Extensions>
    </Filter>
    <Filter Include="资源文件">
      <UniqueIdentifier>{67DA6AB6-F800-4c08-8B7A-83BB121AAD01}</UniqueIdentifier>
      <Extensions>rc;ico;cur;bmp;dlg;rc2;rct;bin;rgs;gif;jpg;jpeg;jpe;resx;tiff;tif;png;wav;mfcribbon-ms</Extensions>
    </Filter>
    <Filter Include="class">
      <UniqueIdentifier>{46dcd3bb-90c3-41e7-b115-8558c771a0e2}</UniqueIdentifier>
    </Filter>
  </ItemGroup>
  <ItemGroup>
    <Text Include="ReadMe.txt" />
  </ItemGroup>
  <ItemGroup>
    <ClInclude Include="stdafx.h">
      <Filter>头文件</Filter>
    </ClInclude>
    <ClInclude Include="targetver.h">
      <Filter>头文件</Filter>
    </ClInclude>
    <ClInclude Include="globle.h">
      <Filter>头文件</Filter>
    </ClInclude>
    <ClInclude Include="Class\BlocksDetector.h">
      <Filter>class</Filter>
    </ClInclude>
    <ClInclude Include="Class\BufferStorage.h">
      <Filter>class</Filter>
    </ClInclude>
    <ClInclude Include="Class\VirtualCamera.h">
      <Filter>class</Filter>
    </ClInclude>
    <ClInclude Include="Class\Measurer.h">
      <Filter>class</Filter>
    </ClInclude>
  </ItemGroup>
  <ItemGroup>
    <ClCompile Include="stdafx.cpp">
      <Filter>源文件</Filter>
    </ClCompile>
    <ClCompile Include="Calibration.cpp">
      <Filter>源文件</Filter>
    </ClCompile>
    <ClCompile Include="Class\BlocksDetector.cpp">
      <Filter>class</Filter>
    </ClCompile>
    <ClCompile Include="Class\BufferStorage.cpp">
      <Filter>class</Filter>
    </ClCompile>
    <ClCompile Include="Class\VirtualCamera.cpp">
      <Filter>class</Filter>
    </ClCompile>
    <ClCompile Include="Class\Measurer.cpp">
      <Filter>class</Filter>
    </ClCompile>
  </ItemGroup>
</Project>